// !$*UTF8*$!
{
	archiveVersion = 1;
	classes = {
	};
	objectVersion = 56;
	objects = {

/* Begin PBXBuildFile section */
		143647EC29FBD09F006A9DBE /* SelectionCellProtocol.swift in Sources */ = {isa = PBXBuildFile; fileRef = 143647EB29FBD09F006A9DBE /* SelectionCellProtocol.swift */; };
		145B8E1229E18882003FCF40 /* AppDelegate.swift in Sources */ = {isa = PBXBuildFile; fileRef = 145B8E1129E18882003FCF40 /* AppDelegate.swift */; };
		145B8E1429E18882003FCF40 /* SceneDelegate.swift in Sources */ = {isa = PBXBuildFile; fileRef = 145B8E1329E18882003FCF40 /* SceneDelegate.swift */; };
		145B8E1B29E18887003FCF40 /* Assets.xcassets in Resources */ = {isa = PBXBuildFile; fileRef = 145B8E1A29E18887003FCF40 /* Assets.xcassets */; };
		145B8E1E29E18887003FCF40 /* LaunchScreen.storyboard in Resources */ = {isa = PBXBuildFile; fileRef = 145B8E1C29E18887003FCF40 /* LaunchScreen.storyboard */; };
		145B8E2729E1CEA2003FCF40 /* UIColor+Extensions.swift in Sources */ = {isa = PBXBuildFile; fileRef = 145B8E2629E1CEA2003FCF40 /* UIColor+Extensions.swift */; };
		145B8E2E29E1D3F7003FCF40 /* ListItem.swift in Sources */ = {isa = PBXBuildFile; fileRef = 145B8E2B29E1D3F7003FCF40 /* ListItem.swift */; };
		145B8E2F29E1D3F7003FCF40 /* TextField.swift in Sources */ = {isa = PBXBuildFile; fileRef = 145B8E2C29E1D3F7003FCF40 /* TextField.swift */; };
		145B8E3029E1D3F7003FCF40 /* Button.swift in Sources */ = {isa = PBXBuildFile; fileRef = 145B8E2D29E1D3F7003FCF40 /* Button.swift */; };
		145B8E3329E1D40E003FCF40 /* Date+Extensions.swift in Sources */ = {isa = PBXBuildFile; fileRef = 145B8E3129E1D40D003FCF40 /* Date+Extensions.swift */; };
		145B8E3429E1D40E003FCF40 /* Int+Extensions.swift in Sources */ = {isa = PBXBuildFile; fileRef = 145B8E3229E1D40E003FCF40 /* Int+Extensions.swift */; };
		145B8E4D29E1D48F003FCF40 /* ScheduleViewController.swift in Sources */ = {isa = PBXBuildFile; fileRef = 145B8E3729E1D48E003FCF40 /* ScheduleViewController.swift */; };
		145B8E4E29E1D48F003FCF40 /* WeekdayCell.swift in Sources */ = {isa = PBXBuildFile; fileRef = 145B8E3829E1D48E003FCF40 /* WeekdayCell.swift */; };
		145B8E4F29E1D48F003FCF40 /* TabBarController.swift in Sources */ = {isa = PBXBuildFile; fileRef = 145B8E3A29E1D48E003FCF40 /* TabBarController.swift */; };
		145B8E5029E1D48F003FCF40 /* StatisticViewController.swift in Sources */ = {isa = PBXBuildFile; fileRef = 145B8E3C29E1D48E003FCF40 /* StatisticViewController.swift */; };
		145B8E5129E1D48F003FCF40 /* TrackerCategoryLabel.swift in Sources */ = {isa = PBXBuildFile; fileRef = 145B8E3E29E1D48F003FCF40 /* TrackerCategoryLabel.swift */; };
		145B8E5229E1D48F003FCF40 /* TrackersViewController.swift in Sources */ = {isa = PBXBuildFile; fileRef = 145B8E3F29E1D48F003FCF40 /* TrackersViewController.swift */; };
		145B8E5329E1D48F003FCF40 /* TrackerFormViewController.swift in Sources */ = {isa = PBXBuildFile; fileRef = 145B8E4129E1D48F003FCF40 /* TrackerFormViewController.swift */; };
		145B8E5429E1D48F003FCF40 /* ColorCell.swift in Sources */ = {isa = PBXBuildFile; fileRef = 145B8E4229E1D48F003FCF40 /* ColorCell.swift */; };
		145B8E5529E1D48F003FCF40 /* SelectionTitle.swift in Sources */ = {isa = PBXBuildFile; fileRef = 145B8E4329E1D48F003FCF40 /* SelectionTitle.swift */; };
		145B8E5629E1D48F003FCF40 /* ListCell.swift in Sources */ = {isa = PBXBuildFile; fileRef = 145B8E4429E1D48F003FCF40 /* ListCell.swift */; };
		145B8E5729E1D48F003FCF40 /* EmojiCell.swift in Sources */ = {isa = PBXBuildFile; fileRef = 145B8E4529E1D48F003FCF40 /* EmojiCell.swift */; };
		145B8E5829E1D48F003FCF40 /* TrackerCell.swift in Sources */ = {isa = PBXBuildFile; fileRef = 145B8E4629E1D48F003FCF40 /* TrackerCell.swift */; };
		145B8E5929E1D48F003FCF40 /* AddTrackerViewController.swift in Sources */ = {isa = PBXBuildFile; fileRef = 145B8E4729E1D48F003FCF40 /* AddTrackerViewController.swift */; };
		145B8E5A29E1D48F003FCF40 /* TrackerCategory.swift in Sources */ = {isa = PBXBuildFile; fileRef = 145B8E4929E1D48F003FCF40 /* TrackerCategory.swift */; };
		145B8E5B29E1D48F003FCF40 /* Tracker.swift in Sources */ = {isa = PBXBuildFile; fileRef = 145B8E4A29E1D48F003FCF40 /* Tracker.swift */; };
		145B8E5C29E1D48F003FCF40 /* TrackerRecord.swift in Sources */ = {isa = PBXBuildFile; fileRef = 145B8E4B29E1D48F003FCF40 /* TrackerRecord.swift */; };
		145B8E5D29E1D48F003FCF40 /* GeometricParam.swift in Sources */ = {isa = PBXBuildFile; fileRef = 145B8E4C29E1D48F003FCF40 /* GeometricParam.swift */; };
		1489895529F6E200005DE6B2 /* Model.xcdatamodeld in Sources */ = {isa = PBXBuildFile; fileRef = 1489895329F6E200005DE6B2 /* Model.xcdatamodeld */; };
		1489895729F6EDA4005DE6B2 /* UIColorMarshalling.swift in Sources */ = {isa = PBXBuildFile; fileRef = 1489895629F6EDA4005DE6B2 /* UIColorMarshalling.swift */; };
		1489895A29F70AD4005DE6B2 /* TrackerStore.swift in Sources */ = {isa = PBXBuildFile; fileRef = 1489895929F70AD4005DE6B2 /* TrackerStore.swift */; };
		1489895C29F70D92005DE6B2 /* TrackerCategoryStore.swift in Sources */ = {isa = PBXBuildFile; fileRef = 1489895B29F70D92005DE6B2 /* TrackerCategoryStore.swift */; };
		1489895E29F71251005DE6B2 /* TrackerRecordStore.swift in Sources */ = {isa = PBXBuildFile; fileRef = 1489895D29F71251005DE6B2 /* TrackerRecordStore.swift */; };
/* End PBXBuildFile section */

/* Begin PBXFileReference section */
		143647EB29FBD09F006A9DBE /* SelectionCellProtocol.swift */ = {isa = PBXFileReference; lastKnownFileType = sourcecode.swift; path = SelectionCellProtocol.swift; sourceTree = "<group>"; };
		145B8E0E29E18882003FCF40 /* Tracker.app */ = {isa = PBXFileReference; explicitFileType = wrapper.application; includeInIndex = 0; path = Tracker.app; sourceTree = BUILT_PRODUCTS_DIR; };
		145B8E1129E18882003FCF40 /* AppDelegate.swift */ = {isa = PBXFileReference; lastKnownFileType = sourcecode.swift; path = AppDelegate.swift; sourceTree = "<group>"; };
		145B8E1329E18882003FCF40 /* SceneDelegate.swift */ = {isa = PBXFileReference; lastKnownFileType = sourcecode.swift; path = SceneDelegate.swift; sourceTree = "<group>"; };
		145B8E1A29E18887003FCF40 /* Assets.xcassets */ = {isa = PBXFileReference; lastKnownFileType = folder.assetcatalog; path = Assets.xcassets; sourceTree = "<group>"; };
		145B8E1D29E18887003FCF40 /* Base */ = {isa = PBXFileReference; lastKnownFileType = file.storyboard; name = Base; path = Base.lproj/LaunchScreen.storyboard; sourceTree = "<group>"; };
		145B8E1F29E18887003FCF40 /* Info.plist */ = {isa = PBXFileReference; lastKnownFileType = text.plist.xml; path = Info.plist; sourceTree = "<group>"; };
		145B8E2629E1CEA2003FCF40 /* UIColor+Extensions.swift */ = {isa = PBXFileReference; lastKnownFileType = sourcecode.swift; path = "UIColor+Extensions.swift"; sourceTree = "<group>"; };
		145B8E2B29E1D3F7003FCF40 /* ListItem.swift */ = {isa = PBXFileReference; fileEncoding = 4; lastKnownFileType = sourcecode.swift; path = ListItem.swift; sourceTree = "<group>"; };
		145B8E2C29E1D3F7003FCF40 /* TextField.swift */ = {isa = PBXFileReference; fileEncoding = 4; lastKnownFileType = sourcecode.swift; path = TextField.swift; sourceTree = "<group>"; };
		145B8E2D29E1D3F7003FCF40 /* Button.swift */ = {isa = PBXFileReference; fileEncoding = 4; lastKnownFileType = sourcecode.swift; path = Button.swift; sourceTree = "<group>"; };
		145B8E3129E1D40D003FCF40 /* Date+Extensions.swift */ = {isa = PBXFileReference; fileEncoding = 4; lastKnownFileType = sourcecode.swift; path = "Date+Extensions.swift"; sourceTree = "<group>"; };
		145B8E3229E1D40E003FCF40 /* Int+Extensions.swift */ = {isa = PBXFileReference; fileEncoding = 4; lastKnownFileType = sourcecode.swift; path = "Int+Extensions.swift"; sourceTree = "<group>"; };
		145B8E3729E1D48E003FCF40 /* ScheduleViewController.swift */ = {isa = PBXFileReference; fileEncoding = 4; lastKnownFileType = sourcecode.swift; path = ScheduleViewController.swift; sourceTree = "<group>"; };
		145B8E3829E1D48E003FCF40 /* WeekdayCell.swift */ = {isa = PBXFileReference; fileEncoding = 4; lastKnownFileType = sourcecode.swift; path = WeekdayCell.swift; sourceTree = "<group>"; };
		145B8E3A29E1D48E003FCF40 /* TabBarController.swift */ = {isa = PBXFileReference; fileEncoding = 4; lastKnownFileType = sourcecode.swift; path = TabBarController.swift; sourceTree = "<group>"; };
		145B8E3C29E1D48E003FCF40 /* StatisticViewController.swift */ = {isa = PBXFileReference; fileEncoding = 4; lastKnownFileType = sourcecode.swift; path = StatisticViewController.swift; sourceTree = "<group>"; };
		145B8E3E29E1D48F003FCF40 /* TrackerCategoryLabel.swift */ = {isa = PBXFileReference; fileEncoding = 4; lastKnownFileType = sourcecode.swift; path = TrackerCategoryLabel.swift; sourceTree = "<group>"; };
		145B8E3F29E1D48F003FCF40 /* TrackersViewController.swift */ = {isa = PBXFileReference; fileEncoding = 4; lastKnownFileType = sourcecode.swift; path = TrackersViewController.swift; sourceTree = "<group>"; };
		145B8E4129E1D48F003FCF40 /* TrackerFormViewController.swift */ = {isa = PBXFileReference; fileEncoding = 4; lastKnownFileType = sourcecode.swift; path = TrackerFormViewController.swift; sourceTree = "<group>"; };
		145B8E4229E1D48F003FCF40 /* ColorCell.swift */ = {isa = PBXFileReference; fileEncoding = 4; lastKnownFileType = sourcecode.swift; path = ColorCell.swift; sourceTree = "<group>"; };
		145B8E4329E1D48F003FCF40 /* SelectionTitle.swift */ = {isa = PBXFileReference; fileEncoding = 4; lastKnownFileType = sourcecode.swift; path = SelectionTitle.swift; sourceTree = "<group>"; };
		145B8E4429E1D48F003FCF40 /* ListCell.swift */ = {isa = PBXFileReference; fileEncoding = 4; lastKnownFileType = sourcecode.swift; path = ListCell.swift; sourceTree = "<group>"; };
		145B8E4529E1D48F003FCF40 /* EmojiCell.swift */ = {isa = PBXFileReference; fileEncoding = 4; lastKnownFileType = sourcecode.swift; path = EmojiCell.swift; sourceTree = "<group>"; };
		145B8E4629E1D48F003FCF40 /* TrackerCell.swift */ = {isa = PBXFileReference; fileEncoding = 4; lastKnownFileType = sourcecode.swift; path = TrackerCell.swift; sourceTree = "<group>"; };
		145B8E4729E1D48F003FCF40 /* AddTrackerViewController.swift */ = {isa = PBXFileReference; fileEncoding = 4; lastKnownFileType = sourcecode.swift; path = AddTrackerViewController.swift; sourceTree = "<group>"; };
		145B8E4929E1D48F003FCF40 /* TrackerCategory.swift */ = {isa = PBXFileReference; fileEncoding = 4; lastKnownFileType = sourcecode.swift; path = TrackerCategory.swift; sourceTree = "<group>"; };
		145B8E4A29E1D48F003FCF40 /* Tracker.swift */ = {isa = PBXFileReference; fileEncoding = 4; lastKnownFileType = sourcecode.swift; path = Tracker.swift; sourceTree = "<group>"; };
		145B8E4B29E1D48F003FCF40 /* TrackerRecord.swift */ = {isa = PBXFileReference; fileEncoding = 4; lastKnownFileType = sourcecode.swift; path = TrackerRecord.swift; sourceTree = "<group>"; };
		145B8E4C29E1D48F003FCF40 /* GeometricParam.swift */ = {isa = PBXFileReference; fileEncoding = 4; lastKnownFileType = sourcecode.swift; path = GeometricParam.swift; sourceTree = "<group>"; };
		1489895429F6E200005DE6B2 /* Model.xcdatamodel */ = {isa = PBXFileReference; lastKnownFileType = wrapper.xcdatamodel; path = Model.xcdatamodel; sourceTree = "<group>"; };
		1489895629F6EDA4005DE6B2 /* UIColorMarshalling.swift */ = {isa = PBXFileReference; lastKnownFileType = sourcecode.swift; path = UIColorMarshalling.swift; sourceTree = "<group>"; };
		1489895929F70AD4005DE6B2 /* TrackerStore.swift */ = {isa = PBXFileReference; lastKnownFileType = sourcecode.swift; path = TrackerStore.swift; sourceTree = "<group>"; };
		1489895B29F70D92005DE6B2 /* TrackerCategoryStore.swift */ = {isa = PBXFileReference; lastKnownFileType = sourcecode.swift; path = TrackerCategoryStore.swift; sourceTree = "<group>"; };
		1489895D29F71251005DE6B2 /* TrackerRecordStore.swift */ = {isa = PBXFileReference; lastKnownFileType = sourcecode.swift; path = TrackerRecordStore.swift; sourceTree = "<group>"; };
/* End PBXFileReference section */

/* Begin PBXFrameworksBuildPhase section */
		145B8E0B29E18882003FCF40 /* Frameworks */ = {
			isa = PBXFrameworksBuildPhase;
			buildActionMask = 2147483647;
			files = (
			);
			runOnlyForDeploymentPostprocessing = 0;
		};
/* End PBXFrameworksBuildPhase section */

/* Begin PBXGroup section */
		145B8E0529E18882003FCF40 = {
			isa = PBXGroup;
			children = (
				145B8E1029E18882003FCF40 /* Tracker */,
				145B8E0F29E18882003FCF40 /* Products */,
			);
			sourceTree = "<group>";
		};
		145B8E0F29E18882003FCF40 /* Products */ = {
			isa = PBXGroup;
			children = (
				145B8E0E29E18882003FCF40 /* Tracker.app */,
			);
			name = Products;
			sourceTree = "<group>";
		};
		145B8E1029E18882003FCF40 /* Tracker */ = {
			isa = PBXGroup;
			children = (
				145B8E2A29E1D3F7003FCF40 /* Components */,
				145B8E3529E1D413003FCF40 /* Helpers */,
				145B8E4829E1D48F003FCF40 /* Models */,
				145B8E2529E1CDA3003FCF40 /* Resources */,
				145B8E3629E1D48E003FCF40 /* Schedule  */,
				145B8E3B29E1D48E003FCF40 /* Statistic */,
				1489895829F70A6E005DE6B2 /* Store */,
				145B8E3929E1D48E003FCF40 /* TabBar */,
				145B8E3D29E1D48F003FCF40 /* Trackers */,
			);
			path = Tracker;
			sourceTree = "<group>";
		};
		145B8E2529E1CDA3003FCF40 /* Resources */ = {
			isa = PBXGroup;
			children = (
				145B8E1129E18882003FCF40 /* AppDelegate.swift */,
				145B8E1329E18882003FCF40 /* SceneDelegate.swift */,
				145B8E1A29E18887003FCF40 /* Assets.xcassets */,
				145B8E1C29E18887003FCF40 /* LaunchScreen.storyboard */,
				145B8E1F29E18887003FCF40 /* Info.plist */,
			);
			path = Resources;
			sourceTree = "<group>";
		};
		145B8E2A29E1D3F7003FCF40 /* Components */ = {
			isa = PBXGroup;
			children = (
				145B8E2D29E1D3F7003FCF40 /* Button.swift */,
				145B8E2B29E1D3F7003FCF40 /* ListItem.swift */,
				145B8E2C29E1D3F7003FCF40 /* TextField.swift */,
			);
			path = Components;
			sourceTree = "<group>";
		};
		145B8E3529E1D413003FCF40 /* Helpers */ = {
			isa = PBXGroup;
			children = (
				145B8E2629E1CEA2003FCF40 /* UIColor+Extensions.swift */,
				145B8E3129E1D40D003FCF40 /* Date+Extensions.swift */,
				145B8E3229E1D40E003FCF40 /* Int+Extensions.swift */,
				1489895629F6EDA4005DE6B2 /* UIColorMarshalling.swift */,
			);
			path = Helpers;
			sourceTree = "<group>";
		};
		145B8E3629E1D48E003FCF40 /* Schedule  */ = {
			isa = PBXGroup;
			children = (
				145B8E3729E1D48E003FCF40 /* ScheduleViewController.swift */,
				145B8E3829E1D48E003FCF40 /* WeekdayCell.swift */,
			);
			path = "Schedule ";
			sourceTree = "<group>";
		};
		145B8E3929E1D48E003FCF40 /* TabBar */ = {
			isa = PBXGroup;
			children = (
				145B8E3A29E1D48E003FCF40 /* TabBarController.swift */,
			);
			path = TabBar;
			sourceTree = "<group>";
		};
		145B8E3B29E1D48E003FCF40 /* Statistic */ = {
			isa = PBXGroup;
			children = (
				145B8E3C29E1D48E003FCF40 /* StatisticViewController.swift */,
			);
			path = Statistic;
			sourceTree = "<group>";
		};
		145B8E3D29E1D48F003FCF40 /* Trackers */ = {
			isa = PBXGroup;
			children = (
				145B8E4729E1D48F003FCF40 /* AddTrackerViewController.swift */,
				145B8E3E29E1D48F003FCF40 /* TrackerCategoryLabel.swift */,
				145B8E4629E1D48F003FCF40 /* TrackerCell.swift */,
				145B8E3F29E1D48F003FCF40 /* TrackersViewController.swift */,
				145B8E4029E1D48F003FCF40 /* TrackerForm */,
			);
			path = Trackers;
			sourceTree = "<group>";
		};
		145B8E4029E1D48F003FCF40 /* TrackerForm */ = {
			isa = PBXGroup;
			children = (
				145B8E4229E1D48F003FCF40 /* ColorCell.swift */,
				145B8E4529E1D48F003FCF40 /* EmojiCell.swift */,
				145B8E4429E1D48F003FCF40 /* ListCell.swift */,
				143647EB29FBD09F006A9DBE /* SelectionCellProtocol.swift */,
				145B8E4329E1D48F003FCF40 /* SelectionTitle.swift */,
				145B8E4129E1D48F003FCF40 /* TrackerFormViewController.swift */,
			);
			path = TrackerForm;
			sourceTree = "<group>";
		};
		145B8E4829E1D48F003FCF40 /* Models */ = {
			isa = PBXGroup;
			children = (
				1489895329F6E200005DE6B2 /* Model.xcdatamodeld */,
				145B8E4C29E1D48F003FCF40 /* GeometricParam.swift */,
				145B8E4A29E1D48F003FCF40 /* Tracker.swift */,
				145B8E4929E1D48F003FCF40 /* TrackerCategory.swift */,
				145B8E4B29E1D48F003FCF40 /* TrackerRecord.swift */,
			);
			path = Models;
			sourceTree = "<group>";
		};
		1489895829F70A6E005DE6B2 /* Store */ = {
			isa = PBXGroup;
			children = (
				1489895B29F70D92005DE6B2 /* TrackerCategoryStore.swift */,
				1489895D29F71251005DE6B2 /* TrackerRecordStore.swift */,
				1489895929F70AD4005DE6B2 /* TrackerStore.swift */,
			);
			path = Store;
			sourceTree = "<group>";
		};
/* End PBXGroup section */

/* Begin PBXNativeTarget section */
		145B8E0D29E18882003FCF40 /* Tracker */ = {
			isa = PBXNativeTarget;
			buildConfigurationList = 145B8E2229E18887003FCF40 /* Build configuration list for PBXNativeTarget "Tracker" */;
			buildPhases = (
				145B8E0A29E18882003FCF40 /* Sources */,
				145B8E0B29E18882003FCF40 /* Frameworks */,
				145B8E0C29E18882003FCF40 /* Resources */,
			);
			buildRules = (
			);
			dependencies = (
			);
			name = Tracker;
			productName = Tracker;
			productReference = 145B8E0E29E18882003FCF40 /* Tracker.app */;
			productType = "com.apple.product-type.application";
		};
/* End PBXNativeTarget section */

/* Begin PBXProject section */
		145B8E0629E18882003FCF40 /* Project object */ = {
			isa = PBXProject;
			attributes = {
				BuildIndependentTargetsInParallel = 1;
				LastSwiftUpdateCheck = 1420;
				LastUpgradeCheck = 1420;
				TargetAttributes = {
					145B8E0D29E18882003FCF40 = {
						CreatedOnToolsVersion = 14.2;
					};
				};
			};
			buildConfigurationList = 145B8E0929E18882003FCF40 /* Build configuration list for PBXProject "Tracker" */;
			compatibilityVersion = "Xcode 14.0";
			developmentRegion = en;
			hasScannedForEncodings = 0;
			knownRegions = (
				en,
				Base,
			);
			mainGroup = 145B8E0529E18882003FCF40;
			productRefGroup = 145B8E0F29E18882003FCF40 /* Products */;
			projectDirPath = "";
			projectRoot = "";
			targets = (
				145B8E0D29E18882003FCF40 /* Tracker */,
			);
		};
/* End PBXProject section */

/* Begin PBXResourcesBuildPhase section */
		145B8E0C29E18882003FCF40 /* Resources */ = {
			isa = PBXResourcesBuildPhase;
			buildActionMask = 2147483647;
			files = (
				145B8E1E29E18887003FCF40 /* LaunchScreen.storyboard in Resources */,
				145B8E1B29E18887003FCF40 /* Assets.xcassets in Resources */,
			);
			runOnlyForDeploymentPostprocessing = 0;
		};
/* End PBXResourcesBuildPhase section */

/* Begin PBXSourcesBuildPhase section */
		145B8E0A29E18882003FCF40 /* Sources */ = {
			isa = PBXSourcesBuildPhase;
			buildActionMask = 2147483647;
			files = (
				145B8E5829E1D48F003FCF40 /* TrackerCell.swift in Sources */,
				145B8E3029E1D3F7003FCF40 /* Button.swift in Sources */,
				145B8E3329E1D40E003FCF40 /* Date+Extensions.swift in Sources */,
				145B8E5D29E1D48F003FCF40 /* GeometricParam.swift in Sources */,
				1489895C29F70D92005DE6B2 /* TrackerCategoryStore.swift in Sources */,
				145B8E4F29E1D48F003FCF40 /* TabBarController.swift in Sources */,
				145B8E5029E1D48F003FCF40 /* StatisticViewController.swift in Sources */,
				145B8E4E29E1D48F003FCF40 /* WeekdayCell.swift in Sources */,
				145B8E5929E1D48F003FCF40 /* AddTrackerViewController.swift in Sources */,
				145B8E5229E1D48F003FCF40 /* TrackersViewController.swift in Sources */,
				145B8E2E29E1D3F7003FCF40 /* ListItem.swift in Sources */,
				145B8E4D29E1D48F003FCF40 /* ScheduleViewController.swift in Sources */,
				143647EC29FBD09F006A9DBE /* SelectionCellProtocol.swift in Sources */,
				1489895529F6E200005DE6B2 /* Model.xcdatamodeld in Sources */,
				145B8E5A29E1D48F003FCF40 /* TrackerCategory.swift in Sources */,
				145B8E3429E1D40E003FCF40 /* Int+Extensions.swift in Sources */,
				1489895A29F70AD4005DE6B2 /* TrackerStore.swift in Sources */,
				145B8E5429E1D48F003FCF40 /* ColorCell.swift in Sources */,
				145B8E5B29E1D48F003FCF40 /* Tracker.swift in Sources */,
				145B8E1229E18882003FCF40 /* AppDelegate.swift in Sources */,
				145B8E2F29E1D3F7003FCF40 /* TextField.swift in Sources */,
				145B8E5529E1D48F003FCF40 /* SelectionTitle.swift in Sources */,
				145B8E5C29E1D48F003FCF40 /* TrackerRecord.swift in Sources */,
				145B8E5129E1D48F003FCF40 /* TrackerCategoryLabel.swift in Sources */,
				145B8E1429E18882003FCF40 /* SceneDelegate.swift in Sources */,
				145B8E5729E1D48F003FCF40 /* EmojiCell.swift in Sources */,
				1489895E29F71251005DE6B2 /* TrackerRecordStore.swift in Sources */,
				145B8E5629E1D48F003FCF40 /* ListCell.swift in Sources */,
				145B8E2729E1CEA2003FCF40 /* UIColor+Extensions.swift in Sources */,
				1489895729F6EDA4005DE6B2 /* UIColorMarshalling.swift in Sources */,
				145B8E5329E1D48F003FCF40 /* TrackerFormViewController.swift in Sources */,
			);
			runOnlyForDeploymentPostprocessing = 0;
		};
/* End PBXSourcesBuildPhase section */

/* Begin PBXVariantGroup section */
		145B8E1C29E18887003FCF40 /* LaunchScreen.storyboard */ = {
			isa = PBXVariantGroup;
			children = (
				145B8E1D29E18887003FCF40 /* Base */,
			);
			name = LaunchScreen.storyboard;
			sourceTree = "<group>";
		};
/* End PBXVariantGroup section */

/* Begin XCBuildConfiguration section */
		145B8E2029E18887003FCF40 /* Debug */ = {
			isa = XCBuildConfiguration;
			buildSettings = {
				ALWAYS_SEARCH_USER_PATHS = NO;
				CLANG_ANALYZER_NONNULL = YES;
				CLANG_ANALYZER_NUMBER_OBJECT_CONVERSION = YES_AGGRESSIVE;
				CLANG_CXX_LANGUAGE_STANDARD = "gnu++20";
				CLANG_ENABLE_MODULES = YES;
				CLANG_ENABLE_OBJC_ARC = YES;
				CLANG_ENABLE_OBJC_WEAK = YES;
				CLANG_WARN_BLOCK_CAPTURE_AUTORELEASING = YES;
				CLANG_WARN_BOOL_CONVERSION = YES;
				CLANG_WARN_COMMA = YES;
				CLANG_WARN_CONSTANT_CONVERSION = YES;
				CLANG_WARN_DEPRECATED_OBJC_IMPLEMENTATIONS = YES;
				CLANG_WARN_DIRECT_OBJC_ISA_USAGE = YES_ERROR;
				CLANG_WARN_DOCUMENTATION_COMMENTS = YES;
				CLANG_WARN_EMPTY_BODY = YES;
				CLANG_WARN_ENUM_CONVERSION = YES;
				CLANG_WARN_INFINITE_RECURSION = YES;
				CLANG_WARN_INT_CONVERSION = YES;
				CLANG_WARN_NON_LITERAL_NULL_CONVERSION = YES;
				CLANG_WARN_OBJC_IMPLICIT_RETAIN_SELF = YES;
				CLANG_WARN_OBJC_LITERAL_CONVERSION = YES;
				CLANG_WARN_OBJC_ROOT_CLASS = YES_ERROR;
				CLANG_WARN_QUOTED_INCLUDE_IN_FRAMEWORK_HEADER = YES;
				CLANG_WARN_RANGE_LOOP_ANALYSIS = YES;
				CLANG_WARN_STRICT_PROTOTYPES = YES;
				CLANG_WARN_SUSPICIOUS_MOVE = YES;
				CLANG_WARN_UNGUARDED_AVAILABILITY = YES_AGGRESSIVE;
				CLANG_WARN_UNREACHABLE_CODE = YES;
				CLANG_WARN__DUPLICATE_METHOD_MATCH = YES;
				COPY_PHASE_STRIP = NO;
				DEBUG_INFORMATION_FORMAT = dwarf;
				ENABLE_STRICT_OBJC_MSGSEND = YES;
				ENABLE_TESTABILITY = YES;
				GCC_C_LANGUAGE_STANDARD = gnu11;
				GCC_DYNAMIC_NO_PIC = NO;
				GCC_NO_COMMON_BLOCKS = YES;
				GCC_OPTIMIZATION_LEVEL = 0;
				GCC_PREPROCESSOR_DEFINITIONS = (
					"DEBUG=1",
					"$(inherited)",
				);
				GCC_WARN_64_TO_32_BIT_CONVERSION = YES;
				GCC_WARN_ABOUT_RETURN_TYPE = YES_ERROR;
				GCC_WARN_UNDECLARED_SELECTOR = YES;
				GCC_WARN_UNINITIALIZED_AUTOS = YES_AGGRESSIVE;
				GCC_WARN_UNUSED_FUNCTION = YES;
				GCC_WARN_UNUSED_VARIABLE = YES;
				IPHONEOS_DEPLOYMENT_TARGET = 16.2;
				MTL_ENABLE_DEBUG_INFO = INCLUDE_SOURCE;
				MTL_FAST_MATH = YES;
				ONLY_ACTIVE_ARCH = YES;
				SDKROOT = iphoneos;
				SWIFT_ACTIVE_COMPILATION_CONDITIONS = DEBUG;
				SWIFT_OPTIMIZATION_LEVEL = "-Onone";
			};
			name = Debug;
		};
		145B8E2129E18887003FCF40 /* Release */ = {
			isa = XCBuildConfiguration;
			buildSettings = {
				ALWAYS_SEARCH_USER_PATHS = NO;
				CLANG_ANALYZER_NONNULL = YES;
				CLANG_ANALYZER_NUMBER_OBJECT_CONVERSION = YES_AGGRESSIVE;
				CLANG_CXX_LANGUAGE_STANDARD = "gnu++20";
				CLANG_ENABLE_MODULES = YES;
				CLANG_ENABLE_OBJC_ARC = YES;
				CLANG_ENABLE_OBJC_WEAK = YES;
				CLANG_WARN_BLOCK_CAPTURE_AUTORELEASING = YES;
				CLANG_WARN_BOOL_CONVERSION = YES;
				CLANG_WARN_COMMA = YES;
				CLANG_WARN_CONSTANT_CONVERSION = YES;
				CLANG_WARN_DEPRECATED_OBJC_IMPLEMENTATIONS = YES;
				CLANG_WARN_DIRECT_OBJC_ISA_USAGE = YES_ERROR;
				CLANG_WARN_DOCUMENTATION_COMMENTS = YES;
				CLANG_WARN_EMPTY_BODY = YES;
				CLANG_WARN_ENUM_CONVERSION = YES;
				CLANG_WARN_INFINITE_RECURSION = YES;
				CLANG_WARN_INT_CONVERSION = YES;
				CLANG_WARN_NON_LITERAL_NULL_CONVERSION = YES;
				CLANG_WARN_OBJC_IMPLICIT_RETAIN_SELF = YES;
				CLANG_WARN_OBJC_LITERAL_CONVERSION = YES;
				CLANG_WARN_OBJC_ROOT_CLASS = YES_ERROR;
				CLANG_WARN_QUOTED_INCLUDE_IN_FRAMEWORK_HEADER = YES;
				CLANG_WARN_RANGE_LOOP_ANALYSIS = YES;
				CLANG_WARN_STRICT_PROTOTYPES = YES;
				CLANG_WARN_SUSPICIOUS_MOVE = YES;
				CLANG_WARN_UNGUARDED_AVAILABILITY = YES_AGGRESSIVE;
				CLANG_WARN_UNREACHABLE_CODE = YES;
				CLANG_WARN__DUPLICATE_METHOD_MATCH = YES;
				COPY_PHASE_STRIP = NO;
				DEBUG_INFORMATION_FORMAT = "dwarf-with-dsym";
				ENABLE_NS_ASSERTIONS = NO;
				ENABLE_STRICT_OBJC_MSGSEND = YES;
				GCC_C_LANGUAGE_STANDARD = gnu11;
				GCC_NO_COMMON_BLOCKS = YES;
				GCC_WARN_64_TO_32_BIT_CONVERSION = YES;
				GCC_WARN_ABOUT_RETURN_TYPE = YES_ERROR;
				GCC_WARN_UNDECLARED_SELECTOR = YES;
				GCC_WARN_UNINITIALIZED_AUTOS = YES_AGGRESSIVE;
				GCC_WARN_UNUSED_FUNCTION = YES;
				GCC_WARN_UNUSED_VARIABLE = YES;
				IPHONEOS_DEPLOYMENT_TARGET = 16.2;
				MTL_ENABLE_DEBUG_INFO = NO;
				MTL_FAST_MATH = YES;
				SDKROOT = iphoneos;
				SWIFT_COMPILATION_MODE = wholemodule;
				SWIFT_OPTIMIZATION_LEVEL = "-O";
				VALIDATE_PRODUCT = YES;
			};
			name = Release;
		};
		145B8E2329E18887003FCF40 /* Debug */ = {
			isa = XCBuildConfiguration;
			buildSettings = {
				ASSETCATALOG_COMPILER_APPICON_NAME = AppIcon;
				ASSETCATALOG_COMPILER_GLOBAL_ACCENT_COLOR_NAME = AccentColor;
				CODE_SIGN_STYLE = Automatic;
				CURRENT_PROJECT_VERSION = 1;
				DEVELOPMENT_TEAM = L6P53PTP9Z;
				GENERATE_INFOPLIST_FILE = YES;
				INFOPLIST_FILE = Tracker/Resources/Info.plist;
				INFOPLIST_KEY_UIApplicationSupportsIndirectInputEvents = YES;
				INFOPLIST_KEY_UILaunchStoryboardName = LaunchScreen;
				INFOPLIST_KEY_UISupportedInterfaceOrientations = UIInterfaceOrientationPortrait;
				INFOPLIST_KEY_UISupportedInterfaceOrientations_iPad = "UIInterfaceOrientationPortrait UIInterfaceOrientationPortraitUpsideDown";
				IPHONEOS_DEPLOYMENT_TARGET = 13.4;
				LD_RUNPATH_SEARCH_PATHS = (
					"$(inherited)",
					"@executable_path/Frameworks",
				);
				MARKETING_VERSION = 1.0;
				PRODUCT_BUNDLE_IDENTIFIER = ru.av00id.Tracker;
				PRODUCT_NAME = "$(TARGET_NAME)";
				SUPPORTED_PLATFORMS = "iphoneos iphonesimulator";
				SUPPORTS_MACCATALYST = NO;
				SUPPORTS_MAC_DESIGNED_FOR_IPHONE_IPAD = YES;
				SWIFT_EMIT_LOC_STRINGS = YES;
				SWIFT_VERSION = 5.0;
				TARGETED_DEVICE_FAMILY = 1;
			};
			name = Debug;
		};
		145B8E2429E18887003FCF40 /* Release */ = {
			isa = XCBuildConfiguration;
			buildSettings = {
				ASSETCATALOG_COMPILER_APPICON_NAME = AppIcon;
				ASSETCATALOG_COMPILER_GLOBAL_ACCENT_COLOR_NAME = AccentColor;
				CODE_SIGN_STYLE = Automatic;
				CURRENT_PROJECT_VERSION = 1;
				DEVELOPMENT_TEAM = L6P53PTP9Z;
				GENERATE_INFOPLIST_FILE = YES;
				INFOPLIST_FILE = Tracker/Resources/Info.plist;
				INFOPLIST_KEY_UIApplicationSupportsIndirectInputEvents = YES;
				INFOPLIST_KEY_UILaunchStoryboardName = LaunchScreen;
				INFOPLIST_KEY_UISupportedInterfaceOrientations = UIInterfaceOrientationPortrait;
				INFOPLIST_KEY_UISupportedInterfaceOrientations_iPad = "UIInterfaceOrientationPortrait UIInterfaceOrientationPortraitUpsideDown";
				IPHONEOS_DEPLOYMENT_TARGET = 13.4;
				LD_RUNPATH_SEARCH_PATHS = (
					"$(inherited)",
					"@executable_path/Frameworks",
				);
				MARKETING_VERSION = 1.0;
				PRODUCT_BUNDLE_IDENTIFIER = ru.av00id.Tracker;
				PRODUCT_NAME = "$(TARGET_NAME)";
				SUPPORTED_PLATFORMS = "iphoneos iphonesimulator";
				SUPPORTS_MACCATALYST = NO;
				SUPPORTS_MAC_DESIGNED_FOR_IPHONE_IPAD = YES;
				SWIFT_EMIT_LOC_STRINGS = YES;
				SWIFT_VERSION = 5.0;
				TARGETED_DEVICE_FAMILY = 1;
			};
			name = Release;
		};
/* End XCBuildConfiguration section */

/* Begin XCConfigurationList section */
		145B8E0929E18882003FCF40 /* Build configuration list for PBXProject "Tracker" */ = {
			isa = XCConfigurationList;
			buildConfigurations = (
				145B8E2029E18887003FCF40 /* Debug */,
				145B8E2129E18887003FCF40 /* Release */,
			);
			defaultConfigurationIsVisible = 0;
			defaultConfigurationName = Release;
		};
		145B8E2229E18887003FCF40 /* Build configuration list for PBXNativeTarget "Tracker" */ = {
			isa = XCConfigurationList;
			buildConfigurations = (
				145B8E2329E18887003FCF40 /* Debug */,
				145B8E2429E18887003FCF40 /* Release */,
			);
			defaultConfigurationIsVisible = 0;
			defaultConfigurationName = Release;
		};
/* End XCConfigurationList section */

/* Begin XCVersionGroup section */
		1489895329F6E200005DE6B2 /* Model.xcdatamodeld */ = {
			isa = XCVersionGroup;
			children = (
				1489895429F6E200005DE6B2 /* Model.xcdatamodel */,
			);
			currentVersion = 1489895429F6E200005DE6B2 /* Model.xcdatamodel */;
			path = Model.xcdatamodeld;
			sourceTree = "<group>";
			versionGroupType = wrapper.xcdatamodel;
		};
/* End XCVersionGroup section */
	};
	rootObject = 145B8E0629E18882003FCF40 /* Project object */;
}
